// !$*UTF8*$!
{
	archiveVersion = 1;
	classes = {
	};
	objectVersion = 48;
	objects = {

/* Begin PBXBuildFile section */
		C71E0B32210B1B7900840F89 /* ResearchKit.framework in Frameworks */ = {isa = PBXBuildFile; fileRef = C71E0B2F210B1B6F00840F89 /* ResearchKit.framework */; };
		C71E0B33210B1B7900840F89 /* ResearchKit.framework in Embed Frameworks */ = {isa = PBXBuildFile; fileRef = C71E0B2F210B1B6F00840F89 /* ResearchKit.framework */; settings = {ATTRIBUTES = (CodeSignOnCopy, RemoveHeadersOnCopy, ); }; };
		C71E0B37210B23F000840F89 /* ResultsViewController.swift in Sources */ = {isa = PBXBuildFile; fileRef = C71E0B36210B23F000840F89 /* ResultsViewController.swift */; };
		C71E0B39210B53DF00840F89 /* HeartRateDataSource.swift in Sources */ = {isa = PBXBuildFile; fileRef = C71E0B38210B53DF00840F89 /* HeartRateDataSource.swift */; };
		C7303B3721021A1B00B82ACE /* HealthDataAuthStep.swift in Sources */ = {isa = PBXBuildFile; fileRef = C7303B3621021A1B00B82ACE /* HealthDataAuthStep.swift */; };
		C7303B3B21021C0E00B82ACE /* HealthDataAuthStepViewController.swift in Sources */ = {isa = PBXBuildFile; fileRef = C7303B3A21021C0E00B82ACE /* HealthDataAuthStepViewController.swift */; };
		C7303B3F21021E1400B82ACE /* HealthKit.framework in Frameworks */ = {isa = PBXBuildFile; fileRef = C7303B3E21021E1400B82ACE /* HealthKit.framework */; };
		C75D8FC72101D1FB001271AC /* AppDelegate.swift in Sources */ = {isa = PBXBuildFile; fileRef = C75D8FC62101D1FB001271AC /* AppDelegate.swift */; };
		C75D8FCC2101D1FB001271AC /* Main.storyboard in Resources */ = {isa = PBXBuildFile; fileRef = C75D8FCA2101D1FB001271AC /* Main.storyboard */; };
		C75D8FCE2101D1FB001271AC /* Assets.xcassets in Resources */ = {isa = PBXBuildFile; fileRef = C75D8FCD2101D1FB001271AC /* Assets.xcassets */; };
		C75D8FD12101D1FB001271AC /* LaunchScreen.storyboard in Resources */ = {isa = PBXBuildFile; fileRef = C75D8FCF2101D1FB001271AC /* LaunchScreen.storyboard */; };
		C75D8FDC2101D1FB001271AC /* ResearchKitConsentTests.swift in Sources */ = {isa = PBXBuildFile; fileRef = C75D8FDB2101D1FB001271AC /* ResearchKitConsentTests.swift */; };
		C75D8FE72101D1FB001271AC /* ResearchKitConsentUITests.swift in Sources */ = {isa = PBXBuildFile; fileRef = C75D8FE62101D1FB001271AC /* ResearchKitConsentUITests.swift */; };
		C75D8FF72101F0DF001271AC /* IntroViewController.swift in Sources */ = {isa = PBXBuildFile; fileRef = C75D8FF62101F0DF001271AC /* IntroViewController.swift */; };
		C75D8FF92101F34A001271AC /* IntroSegue.swift in Sources */ = {isa = PBXBuildFile; fileRef = C75D8FF82101F34A001271AC /* IntroSegue.swift */; };
		C75D8FFC2101F630001271AC /* ConsentViewController.swift in Sources */ = {isa = PBXBuildFile; fileRef = C75D8FFB2101F630001271AC /* ConsentViewController.swift */; };
		C75D900E2102009C001271AC /* ConsentDocument.swift in Sources */ = {isa = PBXBuildFile; fileRef = C75D900D2102009C001271AC /* ConsentDocument.swift */; };
		C75D9010210200A5001271AC /* ConsentTask.swift in Sources */ = {isa = PBXBuildFile; fileRef = C75D900F210200A5001271AC /* ConsentTask.swift */; };
		C7DE3407210883DE005DC598 /* HeartRateTask.swift in Sources */ = {isa = PBXBuildFile; fileRef = C7DE3406210883DE005DC598 /* HeartRateTask.swift */; };
		C7DE340F21089B0F005DC598 /* TasksViewController.swift in Sources */ = {isa = PBXBuildFile; fileRef = C7DE340E21089B0F005DC598 /* TasksViewController.swift */; };
		C7DE34162108A174005DC598 /* ResultParser.swift in Sources */ = {isa = PBXBuildFile; fileRef = C7DE34152108A174005DC598 /* ResultParser.swift */; };
		C7DE341D2108A74A005DC598 /* Interface.storyboard in Resources */ = {isa = PBXBuildFile; fileRef = C7DE341B2108A74A005DC598 /* Interface.storyboard */; };
		C7DE341F2108A74A005DC598 /* Assets.xcassets in Resources */ = {isa = PBXBuildFile; fileRef = C7DE341E2108A74A005DC598 /* Assets.xcassets */; };
		C7DE34262108A74A005DC598 /* WatchHeartRate Extension.appex in Embed App Extensions */ = {isa = PBXBuildFile; fileRef = C7DE34252108A74A005DC598 /* WatchHeartRate Extension.appex */; settings = {ATTRIBUTES = (RemoveHeadersOnCopy, ); }; };
		C7DE342B2108A74A005DC598 /* InterfaceController.swift in Sources */ = {isa = PBXBuildFile; fileRef = C7DE342A2108A74A005DC598 /* InterfaceController.swift */; };
		C7DE342D2108A74A005DC598 /* ExtensionDelegate.swift in Sources */ = {isa = PBXBuildFile; fileRef = C7DE342C2108A74A005DC598 /* ExtensionDelegate.swift */; };
		C7DE342F2108A74A005DC598 /* NotificationController.swift in Sources */ = {isa = PBXBuildFile; fileRef = C7DE342E2108A74A005DC598 /* NotificationController.swift */; };
		C7DE34312108A74A005DC598 /* Assets.xcassets in Resources */ = {isa = PBXBuildFile; fileRef = C7DE34302108A74A005DC598 /* Assets.xcassets */; };
		C7DE34362108A74A005DC598 /* WatchHeartRate.app in Embed Watch Content */ = {isa = PBXBuildFile; fileRef = C7DE34192108A74A005DC598 /* WatchHeartRate.app */; };
		C7E0E4DE2108CA590042D204 /* HealthKit.framework in Frameworks */ = {isa = PBXBuildFile; fileRef = C7E0E4DD2108CA590042D204 /* HealthKit.framework */; };
/* End PBXBuildFile section */

/* Begin PBXContainerItemProxy section */
		C71E0B2E210B1B6F00840F89 /* PBXContainerItemProxy */ = {
			isa = PBXContainerItemProxy;
			containerPortal = C71E0B28210B1B6E00840F89 /* ResearchKit.xcodeproj */;
			proxyType = 2;
			remoteGlobalIDString = B183A5951A8535D100C76870;
			remoteInfo = ResearchKit;
		};
		C71E0B30210B1B6F00840F89 /* PBXContainerItemProxy */ = {
			isa = PBXContainerItemProxy;
			containerPortal = C71E0B28210B1B6E00840F89 /* ResearchKit.xcodeproj */;
			proxyType = 2;
			remoteGlobalIDString = 86CC8E9A1AC09332001CCD89;
			remoteInfo = ResearchKitTests;
		};
		C71E0B34210B1B7900840F89 /* PBXContainerItemProxy */ = {
			isa = PBXContainerItemProxy;
			containerPortal = C71E0B28210B1B6E00840F89 /* ResearchKit.xcodeproj */;
			proxyType = 1;
			remoteGlobalIDString = B183A4731A8535D100C76870;
			remoteInfo = ResearchKit;
		};
		C75D8FD82101D1FB001271AC /* PBXContainerItemProxy */ = {
			isa = PBXContainerItemProxy;
			containerPortal = C75D8FBB2101D1FB001271AC /* Project object */;
			proxyType = 1;
			remoteGlobalIDString = C75D8FC22101D1FB001271AC;
			remoteInfo = ResearchKitConsent;
		};
		C75D8FE32101D1FB001271AC /* PBXContainerItemProxy */ = {
			isa = PBXContainerItemProxy;
			containerPortal = C75D8FBB2101D1FB001271AC /* Project object */;
			proxyType = 1;
			remoteGlobalIDString = C75D8FC22101D1FB001271AC;
			remoteInfo = ResearchKitConsent;
		};
		C7DE34272108A74A005DC598 /* PBXContainerItemProxy */ = {
			isa = PBXContainerItemProxy;
			containerPortal = C75D8FBB2101D1FB001271AC /* Project object */;
			proxyType = 1;
			remoteGlobalIDString = C7DE34242108A74A005DC598;
			remoteInfo = "WatchHeartRate Extension";
		};
		C7DE34342108A74A005DC598 /* PBXContainerItemProxy */ = {
			isa = PBXContainerItemProxy;
			containerPortal = C75D8FBB2101D1FB001271AC /* Project object */;
			proxyType = 1;
			remoteGlobalIDString = C7DE34182108A74A005DC598;
			remoteInfo = WatchHeartRate;
		};
/* End PBXContainerItemProxy section */

/* Begin PBXCopyFilesBuildPhase section */
		C75D900B2101F6B8001271AC /* Embed Frameworks */ = {
			isa = PBXCopyFilesBuildPhase;
			buildActionMask = 2147483647;
			dstPath = "";
			dstSubfolderSpec = 10;
			files = (
				C71E0B33210B1B7900840F89 /* ResearchKit.framework in Embed Frameworks */,
			);
			name = "Embed Frameworks";
			runOnlyForDeploymentPostprocessing = 0;
		};
		C7DE343A2108A74A005DC598 /* Embed App Extensions */ = {
			isa = PBXCopyFilesBuildPhase;
			buildActionMask = 2147483647;
			dstPath = "";
			dstSubfolderSpec = 13;
			files = (
				C7DE34262108A74A005DC598 /* WatchHeartRate Extension.appex in Embed App Extensions */,
			);
			name = "Embed App Extensions";
			runOnlyForDeploymentPostprocessing = 0;
		};
		C7DE343E2108A74A005DC598 /* Embed Watch Content */ = {
			isa = PBXCopyFilesBuildPhase;
			buildActionMask = 2147483647;
			dstPath = "$(CONTENTS_FOLDER_PATH)/Watch";
			dstSubfolderSpec = 16;
			files = (
				C7DE34362108A74A005DC598 /* WatchHeartRate.app in Embed Watch Content */,
			);
			name = "Embed Watch Content";
			runOnlyForDeploymentPostprocessing = 0;
		};
/* End PBXCopyFilesBuildPhase section */

/* Begin PBXFileReference section */
		C71E0B28210B1B6E00840F89 /* ResearchKit.xcodeproj */ = {isa = PBXFileReference; lastKnownFileType = "wrapper.pb-project"; name = ResearchKit.xcodeproj; path = ../../../../ResearchKit/ResearchKit.xcodeproj; sourceTree = "<group>"; };
		C71E0B36210B23F000840F89 /* ResultsViewController.swift */ = {isa = PBXFileReference; lastKnownFileType = sourcecode.swift; path = ResultsViewController.swift; sourceTree = "<group>"; };
		C71E0B38210B53DF00840F89 /* HeartRateDataSource.swift */ = {isa = PBXFileReference; lastKnownFileType = sourcecode.swift; path = HeartRateDataSource.swift; sourceTree = "<group>"; };
		C7303B3621021A1B00B82ACE /* HealthDataAuthStep.swift */ = {isa = PBXFileReference; lastKnownFileType = sourcecode.swift; path = HealthDataAuthStep.swift; sourceTree = "<group>"; };
		C7303B3A21021C0E00B82ACE /* HealthDataAuthStepViewController.swift */ = {isa = PBXFileReference; lastKnownFileType = sourcecode.swift; path = HealthDataAuthStepViewController.swift; sourceTree = "<group>"; };
		C7303B3C21021E1400B82ACE /* ObtainingResults.entitlements */ = {isa = PBXFileReference; lastKnownFileType = text.plist.entitlements; path = ObtainingResults.entitlements; sourceTree = "<group>"; };
		C7303B3E21021E1400B82ACE /* HealthKit.framework */ = {isa = PBXFileReference; lastKnownFileType = wrapper.framework; name = HealthKit.framework; path = System/Library/Frameworks/HealthKit.framework; sourceTree = SDKROOT; };
		C75D8FC32101D1FB001271AC /* ObtainingResults.app */ = {isa = PBXFileReference; explicitFileType = wrapper.application; includeInIndex = 0; path = ObtainingResults.app; sourceTree = BUILT_PRODUCTS_DIR; };
		C75D8FC62101D1FB001271AC /* AppDelegate.swift */ = {isa = PBXFileReference; lastKnownFileType = sourcecode.swift; path = AppDelegate.swift; sourceTree = "<group>"; };
		C75D8FCB2101D1FB001271AC /* Base */ = {isa = PBXFileReference; lastKnownFileType = file.storyboard; name = Base; path = Base.lproj/Main.storyboard; sourceTree = "<group>"; };
		C75D8FCD2101D1FB001271AC /* Assets.xcassets */ = {isa = PBXFileReference; lastKnownFileType = folder.assetcatalog; path = Assets.xcassets; sourceTree = "<group>"; };
		C75D8FD02101D1FB001271AC /* Base */ = {isa = PBXFileReference; lastKnownFileType = file.storyboard; name = Base; path = Base.lproj/LaunchScreen.storyboard; sourceTree = "<group>"; };
		C75D8FD22101D1FB001271AC /* Info.plist */ = {isa = PBXFileReference; lastKnownFileType = text.plist.xml; path = Info.plist; sourceTree = "<group>"; };
		C75D8FD72101D1FB001271AC /* ObtainingResultsTests.xctest */ = {isa = PBXFileReference; explicitFileType = wrapper.cfbundle; includeInIndex = 0; path = ObtainingResultsTests.xctest; sourceTree = BUILT_PRODUCTS_DIR; };
		C75D8FDB2101D1FB001271AC /* ResearchKitConsentTests.swift */ = {isa = PBXFileReference; lastKnownFileType = sourcecode.swift; path = ResearchKitConsentTests.swift; sourceTree = "<group>"; };
		C75D8FDD2101D1FB001271AC /* Info.plist */ = {isa = PBXFileReference; lastKnownFileType = text.plist.xml; path = Info.plist; sourceTree = "<group>"; };
		C75D8FE22101D1FB001271AC /* ObtainingResultsUITests.xctest */ = {isa = PBXFileReference; explicitFileType = wrapper.cfbundle; includeInIndex = 0; path = ObtainingResultsUITests.xctest; sourceTree = BUILT_PRODUCTS_DIR; };
		C75D8FE62101D1FB001271AC /* ResearchKitConsentUITests.swift */ = {isa = PBXFileReference; lastKnownFileType = sourcecode.swift; path = ResearchKitConsentUITests.swift; sourceTree = "<group>"; };
		C75D8FE82101D1FB001271AC /* Info.plist */ = {isa = PBXFileReference; lastKnownFileType = text.plist.xml; path = Info.plist; sourceTree = "<group>"; };
		C75D8FF62101F0DF001271AC /* IntroViewController.swift */ = {isa = PBXFileReference; lastKnownFileType = sourcecode.swift; path = IntroViewController.swift; sourceTree = "<group>"; };
		C75D8FF82101F34A001271AC /* IntroSegue.swift */ = {isa = PBXFileReference; lastKnownFileType = sourcecode.swift; path = IntroSegue.swift; sourceTree = "<group>"; };
		C75D8FFB2101F630001271AC /* ConsentViewController.swift */ = {isa = PBXFileReference; lastKnownFileType = sourcecode.swift; path = ConsentViewController.swift; sourceTree = "<group>"; };
		C75D900D2102009C001271AC /* ConsentDocument.swift */ = {isa = PBXFileReference; lastKnownFileType = sourcecode.swift; path = ConsentDocument.swift; sourceTree = "<group>"; };
		C75D900F210200A5001271AC /* ConsentTask.swift */ = {isa = PBXFileReference; lastKnownFileType = sourcecode.swift; path = ConsentTask.swift; sourceTree = "<group>"; };
		C7DE3406210883DE005DC598 /* HeartRateTask.swift */ = {isa = PBXFileReference; lastKnownFileType = sourcecode.swift; path = HeartRateTask.swift; sourceTree = "<group>"; };
		C7DE340E21089B0F005DC598 /* TasksViewController.swift */ = {isa = PBXFileReference; fileEncoding = 4; lastKnownFileType = sourcecode.swift; path = TasksViewController.swift; sourceTree = "<group>"; };
		C7DE34152108A174005DC598 /* ResultParser.swift */ = {isa = PBXFileReference; lastKnownFileType = sourcecode.swift; path = ResultParser.swift; sourceTree = "<group>"; };
		C7DE34192108A74A005DC598 /* WatchHeartRate.app */ = {isa = PBXFileReference; explicitFileType = wrapper.application; includeInIndex = 0; path = WatchHeartRate.app; sourceTree = BUILT_PRODUCTS_DIR; };
		C7DE341C2108A74A005DC598 /* Base */ = {isa = PBXFileReference; lastKnownFileType = file.storyboard; name = Base; path = Base.lproj/Interface.storyboard; sourceTree = "<group>"; };
		C7DE341E2108A74A005DC598 /* Assets.xcassets */ = {isa = PBXFileReference; lastKnownFileType = folder.assetcatalog; path = Assets.xcassets; sourceTree = "<group>"; };
		C7DE34202108A74A005DC598 /* Info.plist */ = {isa = PBXFileReference; lastKnownFileType = text.plist.xml; path = Info.plist; sourceTree = "<group>"; };
		C7DE34252108A74A005DC598 /* WatchHeartRate Extension.appex */ = {isa = PBXFileReference; explicitFileType = "wrapper.app-extension"; includeInIndex = 0; path = "WatchHeartRate Extension.appex"; sourceTree = BUILT_PRODUCTS_DIR; };
		C7DE342A2108A74A005DC598 /* InterfaceController.swift */ = {isa = PBXFileReference; lastKnownFileType = sourcecode.swift; path = InterfaceController.swift; sourceTree = "<group>"; };
		C7DE342C2108A74A005DC598 /* ExtensionDelegate.swift */ = {isa = PBXFileReference; lastKnownFileType = sourcecode.swift; path = ExtensionDelegate.swift; sourceTree = "<group>"; };
		C7DE342E2108A74A005DC598 /* NotificationController.swift */ = {isa = PBXFileReference; lastKnownFileType = sourcecode.swift; path = NotificationController.swift; sourceTree = "<group>"; };
		C7DE34302108A74A005DC598 /* Assets.xcassets */ = {isa = PBXFileReference; lastKnownFileType = folder.assetcatalog; path = Assets.xcassets; sourceTree = "<group>"; };
		C7DE34322108A74A005DC598 /* Info.plist */ = {isa = PBXFileReference; lastKnownFileType = text.plist.xml; path = Info.plist; sourceTree = "<group>"; };
		C7DE34332108A74A005DC598 /* PushNotificationPayload.apns */ = {isa = PBXFileReference; lastKnownFileType = text; path = PushNotificationPayload.apns; sourceTree = "<group>"; };
		C7DE343F2108A9F2005DC598 /* WatchHeartRate Extension.entitlements */ = {isa = PBXFileReference; lastKnownFileType = text.plist.entitlements; path = "WatchHeartRate Extension.entitlements"; sourceTree = "<group>"; };
		C7DE34422108C393005DC598 /* WatchHeartRate.entitlements */ = {isa = PBXFileReference; lastKnownFileType = text.plist.entitlements; path = WatchHeartRate.entitlements; sourceTree = "<group>"; };
		C7E0E4DD2108CA590042D204 /* HealthKit.framework */ = {isa = PBXFileReference; lastKnownFileType = wrapper.framework; name = HealthKit.framework; path = Platforms/WatchOS.platform/Developer/SDKs/WatchOS4.2.sdk/System/Library/Frameworks/HealthKit.framework; sourceTree = DEVELOPER_DIR; };
/* End PBXFileReference section */

/* Begin PBXFrameworksBuildPhase section */
		C75D8FC02101D1FB001271AC /* Frameworks */ = {
			isa = PBXFrameworksBuildPhase;
			buildActionMask = 2147483647;
			files = (
				C71E0B32210B1B7900840F89 /* ResearchKit.framework in Frameworks */,
				C7303B3F21021E1400B82ACE /* HealthKit.framework in Frameworks */,
			);
			runOnlyForDeploymentPostprocessing = 0;
		};
		C75D8FD42101D1FB001271AC /* Frameworks */ = {
			isa = PBXFrameworksBuildPhase;
			buildActionMask = 2147483647;
			files = (
			);
			runOnlyForDeploymentPostprocessing = 0;
		};
		C75D8FDF2101D1FB001271AC /* Frameworks */ = {
			isa = PBXFrameworksBuildPhase;
			buildActionMask = 2147483647;
			files = (
			);
			runOnlyForDeploymentPostprocessing = 0;
		};
		C7DE34222108A74A005DC598 /* Frameworks */ = {
			isa = PBXFrameworksBuildPhase;
			buildActionMask = 2147483647;
			files = (
				C7E0E4DE2108CA590042D204 /* HealthKit.framework in Frameworks */,
			);
			runOnlyForDeploymentPostprocessing = 0;
		};
/* End PBXFrameworksBuildPhase section */

/* Begin PBXGroup section */
		C71E0B29210B1B6E00840F89 /* Products */ = {
			isa = PBXGroup;
			children = (
				C71E0B2F210B1B6F00840F89 /* ResearchKit.framework */,
				C71E0B31210B1B6F00840F89 /* ResearchKitTests.xctest */,
			);
			name = Products;
			sourceTree = "<group>";
		};
		C7303B3D21021E1400B82ACE /* Frameworks */ = {
			isa = PBXGroup;
			children = (
				C7E0E4DD2108CA590042D204 /* HealthKit.framework */,
				C7303B3E21021E1400B82ACE /* HealthKit.framework */,
			);
			name = Frameworks;
			sourceTree = "<group>";
		};
		C7303B4021023F5200B82ACE /* Tasks */ = {
			isa = PBXGroup;
			children = (
				C7DE340E21089B0F005DC598 /* TasksViewController.swift */,
				C7DE3406210883DE005DC598 /* HeartRateTask.swift */,
				C7DE34152108A174005DC598 /* ResultParser.swift */,
				C71E0B36210B23F000840F89 /* ResultsViewController.swift */,
				C71E0B38210B53DF00840F89 /* HeartRateDataSource.swift */,
			);
			path = Tasks;
			sourceTree = "<group>";
		};
		C75D8FBA2101D1FB001271AC = {
			isa = PBXGroup;
			children = (
				C71E0B28210B1B6E00840F89 /* ResearchKit.xcodeproj */,
				C75D8FC52101D1FB001271AC /* ObtainingResults */,
				C75D8FDA2101D1FB001271AC /* ObtainingResultsTests */,
				C75D8FE52101D1FB001271AC /* ObtainingResultsUITests */,
				C7DE341A2108A74A005DC598 /* WatchHeartRate */,
				C7DE34292108A74A005DC598 /* WatchHeartRate Extension */,
				C75D8FC42101D1FB001271AC /* Products */,
				C7303B3D21021E1400B82ACE /* Frameworks */,
			);
			sourceTree = "<group>";
		};
		C75D8FC42101D1FB001271AC /* Products */ = {
			isa = PBXGroup;
			children = (
				C75D8FC32101D1FB001271AC /* ObtainingResults.app */,
				C75D8FD72101D1FB001271AC /* ObtainingResultsTests.xctest */,
				C75D8FE22101D1FB001271AC /* ObtainingResultsUITests.xctest */,
				C7DE34192108A74A005DC598 /* WatchHeartRate.app */,
				C7DE34252108A74A005DC598 /* WatchHeartRate Extension.appex */,
			);
			name = Products;
			sourceTree = "<group>";
		};
		C75D8FC52101D1FB001271AC /* ObtainingResults */ = {
			isa = PBXGroup;
			children = (
				C7303B3C21021E1400B82ACE /* ObtainingResults.entitlements */,
				C75D8FC62101D1FB001271AC /* AppDelegate.swift */,
				C75D8FCA2101D1FB001271AC /* Main.storyboard */,
				C75D8FD22101D1FB001271AC /* Info.plist */,
				C75D8FCD2101D1FB001271AC /* Assets.xcassets */,
				C75D8FCF2101D1FB001271AC /* LaunchScreen.storyboard */,
				C75D8FF52101F0CA001271AC /* Intro */,
				C75D8FFA2101F61A001271AC /* Consent */,
				C7303B4021023F5200B82ACE /* Tasks */,
			);
			path = ObtainingResults;
			sourceTree = "<group>";
		};
		C75D8FDA2101D1FB001271AC /* ObtainingResultsTests */ = {
			isa = PBXGroup;
			children = (
				C75D8FDB2101D1FB001271AC /* ResearchKitConsentTests.swift */,
				C75D8FDD2101D1FB001271AC /* Info.plist */,
			);
			path = ObtainingResultsTests;
			sourceTree = "<group>";
		};
		C75D8FE52101D1FB001271AC /* ObtainingResultsUITests */ = {
			isa = PBXGroup;
			children = (
				C75D8FE62101D1FB001271AC /* ResearchKitConsentUITests.swift */,
				C75D8FE82101D1FB001271AC /* Info.plist */,
			);
			path = ObtainingResultsUITests;
			sourceTree = "<group>";
		};
		C75D8FF52101F0CA001271AC /* Intro */ = {
			isa = PBXGroup;
			children = (
				C75D8FF62101F0DF001271AC /* IntroViewController.swift */,
				C75D8FF82101F34A001271AC /* IntroSegue.swift */,
			);
			path = Intro;
			sourceTree = "<group>";
		};
		C75D8FFA2101F61A001271AC /* Consent */ = {
			isa = PBXGroup;
			children = (
				C75D8FFB2101F630001271AC /* ConsentViewController.swift */,
				C75D900D2102009C001271AC /* ConsentDocument.swift */,
				C75D900F210200A5001271AC /* ConsentTask.swift */,
				C7303B3621021A1B00B82ACE /* HealthDataAuthStep.swift */,
				C7303B3A21021C0E00B82ACE /* HealthDataAuthStepViewController.swift */,
			);
			path = Consent;
			sourceTree = "<group>";
		};
		C7DE341A2108A74A005DC598 /* WatchHeartRate */ = {
			isa = PBXGroup;
			children = (
				C7DE34422108C393005DC598 /* WatchHeartRate.entitlements */,
				C7DE341B2108A74A005DC598 /* Interface.storyboard */,
				C7DE341E2108A74A005DC598 /* Assets.xcassets */,
				C7DE34202108A74A005DC598 /* Info.plist */,
			);
			path = WatchHeartRate;
			sourceTree = "<group>";
		};
		C7DE34292108A74A005DC598 /* WatchHeartRate Extension */ = {
			isa = PBXGroup;
			children = (
				C7DE343F2108A9F2005DC598 /* WatchHeartRate Extension.entitlements */,
				C7DE342A2108A74A005DC598 /* InterfaceController.swift */,
				C7DE342C2108A74A005DC598 /* ExtensionDelegate.swift */,
				C7DE342E2108A74A005DC598 /* NotificationController.swift */,
				C7DE34302108A74A005DC598 /* Assets.xcassets */,
				C7DE34322108A74A005DC598 /* Info.plist */,
				C7DE34332108A74A005DC598 /* PushNotificationPayload.apns */,
			);
			path = "WatchHeartRate Extension";
			sourceTree = "<group>";
		};
/* End PBXGroup section */

/* Begin PBXNativeTarget section */
		C75D8FC22101D1FB001271AC /* ObtainingResults */ = {
			isa = PBXNativeTarget;
			buildConfigurationList = C75D8FEB2101D1FB001271AC /* Build configuration list for PBXNativeTarget "ObtainingResults" */;
			buildPhases = (
				C75D8FBF2101D1FB001271AC /* Sources */,
				C75D8FC02101D1FB001271AC /* Frameworks */,
				C75D8FC12101D1FB001271AC /* Resources */,
				C75D900B2101F6B8001271AC /* Embed Frameworks */,
				C7DE343E2108A74A005DC598 /* Embed Watch Content */,
			);
			buildRules = (
			);
			dependencies = (
				C7DE34352108A74A005DC598 /* PBXTargetDependency */,
				C71E0B35210B1B7900840F89 /* PBXTargetDependency */,
			);
			name = ObtainingResults;
			productName = ResearchKitConsent;
			productReference = C75D8FC32101D1FB001271AC /* ObtainingResults.app */;
			productType = "com.apple.product-type.application";
		};
		C75D8FD62101D1FB001271AC /* ObtainingResultsTests */ = {
			isa = PBXNativeTarget;
			buildConfigurationList = C75D8FEE2101D1FB001271AC /* Build configuration list for PBXNativeTarget "ObtainingResultsTests" */;
			buildPhases = (
				C75D8FD32101D1FB001271AC /* Sources */,
				C75D8FD42101D1FB001271AC /* Frameworks */,
				C75D8FD52101D1FB001271AC /* Resources */,
			);
			buildRules = (
			);
			dependencies = (
				C75D8FD92101D1FB001271AC /* PBXTargetDependency */,
			);
			name = ObtainingResultsTests;
			productName = ResearchKitConsentTests;
			productReference = C75D8FD72101D1FB001271AC /* ObtainingResultsTests.xctest */;
			productType = "com.apple.product-type.bundle.unit-test";
		};
		C75D8FE12101D1FB001271AC /* ObtainingResultsUITests */ = {
			isa = PBXNativeTarget;
			buildConfigurationList = C75D8FF12101D1FB001271AC /* Build configuration list for PBXNativeTarget "ObtainingResultsUITests" */;
			buildPhases = (
				C75D8FDE2101D1FB001271AC /* Sources */,
				C75D8FDF2101D1FB001271AC /* Frameworks */,
				C75D8FE02101D1FB001271AC /* Resources */,
			);
			buildRules = (
			);
			dependencies = (
				C75D8FE42101D1FB001271AC /* PBXTargetDependency */,
			);
			name = ObtainingResultsUITests;
			productName = ResearchKitConsentUITests;
			productReference = C75D8FE22101D1FB001271AC /* ObtainingResultsUITests.xctest */;
			productType = "com.apple.product-type.bundle.ui-testing";
		};
		C7DE34182108A74A005DC598 /* WatchHeartRate */ = {
			isa = PBXNativeTarget;
			buildConfigurationList = C7DE343B2108A74A005DC598 /* Build configuration list for PBXNativeTarget "WatchHeartRate" */;
			buildPhases = (
				C7DE34172108A74A005DC598 /* Resources */,
				C7DE343A2108A74A005DC598 /* Embed App Extensions */,
			);
			buildRules = (
			);
			dependencies = (
				C7DE34282108A74A005DC598 /* PBXTargetDependency */,
			);
			name = WatchHeartRate;
			productName = WatchHeartRate;
			productReference = C7DE34192108A74A005DC598 /* WatchHeartRate.app */;
			productType = "com.apple.product-type.application.watchapp2";
		};
		C7DE34242108A74A005DC598 /* WatchHeartRate Extension */ = {
			isa = PBXNativeTarget;
			buildConfigurationList = C7DE34372108A74A005DC598 /* Build configuration list for PBXNativeTarget "WatchHeartRate Extension" */;
			buildPhases = (
				C7DE34212108A74A005DC598 /* Sources */,
				C7DE34222108A74A005DC598 /* Frameworks */,
				C7DE34232108A74A005DC598 /* Resources */,
			);
			buildRules = (
			);
			dependencies = (
			);
			name = "WatchHeartRate Extension";
			productName = "WatchHeartRate Extension";
			productReference = C7DE34252108A74A005DC598 /* WatchHeartRate Extension.appex */;
			productType = "com.apple.product-type.watchkit2-extension";
		};
/* End PBXNativeTarget section */

/* Begin PBXProject section */
		C75D8FBB2101D1FB001271AC /* Project object */ = {
			isa = PBXProject;
			attributes = {
				LastSwiftUpdateCheck = 0920;
				LastUpgradeCheck = 0920;
				ORGANIZATIONNAME = "Sifan Ye";
				TargetAttributes = {
					C75D8FC22101D1FB001271AC = {
						CreatedOnToolsVersion = 9.2;
						ProvisioningStyle = Automatic;
						SystemCapabilities = {
							com.apple.HealthKit = {
								enabled = 1;
							};
						};
					};
					C75D8FD62101D1FB001271AC = {
						CreatedOnToolsVersion = 9.2;
						ProvisioningStyle = Automatic;
						TestTargetID = C75D8FC22101D1FB001271AC;
					};
					C75D8FE12101D1FB001271AC = {
						CreatedOnToolsVersion = 9.2;
						ProvisioningStyle = Automatic;
						TestTargetID = C75D8FC22101D1FB001271AC;
					};
					C7DE34182108A74A005DC598 = {
						CreatedOnToolsVersion = 9.2;
						ProvisioningStyle = Automatic;
						SystemCapabilities = {
							com.apple.ApplicationGroups.iOS = {
								enabled = 0;
							};
						};
					};
					C7DE34242108A74A005DC598 = {
						CreatedOnToolsVersion = 9.2;
						ProvisioningStyle = Automatic;
						SystemCapabilities = {
							com.apple.ApplicationGroups.iOS = {
								enabled = 0;
							};
							com.apple.HealthKit.watchos = {
								enabled = 1;
							};
						};
					};
				};
			};
			buildConfigurationList = C75D8FBE2101D1FB001271AC /* Build configuration list for PBXProject "ObtainingResults" */;
			compatibilityVersion = "Xcode 8.0";
			developmentRegion = en;
			hasScannedForEncodings = 0;
			knownRegions = (
				en,
				Base,
			);
			mainGroup = C75D8FBA2101D1FB001271AC;
			productRefGroup = C75D8FC42101D1FB001271AC /* Products */;
			projectDirPath = "";
			projectReferences = (
				{
					ProductGroup = C71E0B29210B1B6E00840F89 /* Products */;
					ProjectRef = C71E0B28210B1B6E00840F89 /* ResearchKit.xcodeproj */;
				},
			);
			projectRoot = "";
			targets = (
				C75D8FC22101D1FB001271AC /* ObtainingResults */,
				C75D8FD62101D1FB001271AC /* ObtainingResultsTests */,
				C75D8FE12101D1FB001271AC /* ObtainingResultsUITests */,
				C7DE34182108A74A005DC598 /* WatchHeartRate */,
				C7DE34242108A74A005DC598 /* WatchHeartRate Extension */,
			);
		};
/* End PBXProject section */

/* Begin PBXReferenceProxy section */
		C71E0B2F210B1B6F00840F89 /* ResearchKit.framework */ = {
			isa = PBXReferenceProxy;
			fileType = wrapper.framework;
			path = ResearchKit.framework;
			remoteRef = C71E0B2E210B1B6F00840F89 /* PBXContainerItemProxy */;
			sourceTree = BUILT_PRODUCTS_DIR;
		};
		C71E0B31210B1B6F00840F89 /* ResearchKitTests.xctest */ = {
			isa = PBXReferenceProxy;
			fileType = wrapper.cfbundle;
			path = ResearchKitTests.xctest;
			remoteRef = C71E0B30210B1B6F00840F89 /* PBXContainerItemProxy */;
			sourceTree = BUILT_PRODUCTS_DIR;
		};
/* End PBXReferenceProxy section */

/* Begin PBXResourcesBuildPhase section */
		C75D8FC12101D1FB001271AC /* Resources */ = {
			isa = PBXResourcesBuildPhase;
			buildActionMask = 2147483647;
			files = (
				C75D8FD12101D1FB001271AC /* LaunchScreen.storyboard in Resources */,
				C75D8FCE2101D1FB001271AC /* Assets.xcassets in Resources */,
				C75D8FCC2101D1FB001271AC /* Main.storyboard in Resources */,
			);
			runOnlyForDeploymentPostprocessing = 0;
		};
		C75D8FD52101D1FB001271AC /* Resources */ = {
			isa = PBXResourcesBuildPhase;
			buildActionMask = 2147483647;
			files = (
			);
			runOnlyForDeploymentPostprocessing = 0;
		};
		C75D8FE02101D1FB001271AC /* Resources */ = {
			isa = PBXResourcesBuildPhase;
			buildActionMask = 2147483647;
			files = (
			);
			runOnlyForDeploymentPostprocessing = 0;
		};
		C7DE34172108A74A005DC598 /* Resources */ = {
			isa = PBXResourcesBuildPhase;
			buildActionMask = 2147483647;
			files = (
				C7DE341F2108A74A005DC598 /* Assets.xcassets in Resources */,
				C7DE341D2108A74A005DC598 /* Interface.storyboard in Resources */,
			);
			runOnlyForDeploymentPostprocessing = 0;
		};
		C7DE34232108A74A005DC598 /* Resources */ = {
			isa = PBXResourcesBuildPhase;
			buildActionMask = 2147483647;
			files = (
				C7DE34312108A74A005DC598 /* Assets.xcassets in Resources */,
			);
			runOnlyForDeploymentPostprocessing = 0;
		};
/* End PBXResourcesBuildPhase section */

/* Begin PBXSourcesBuildPhase section */
		C75D8FBF2101D1FB001271AC /* Sources */ = {
			isa = PBXSourcesBuildPhase;
			buildActionMask = 2147483647;
			files = (
				C75D8FF72101F0DF001271AC /* IntroViewController.swift in Sources */,
				C75D8FF92101F34A001271AC /* IntroSegue.swift in Sources */,
				C75D8FC72101D1FB001271AC /* AppDelegate.swift in Sources */,
				C7303B3721021A1B00B82ACE /* HealthDataAuthStep.swift in Sources */,
				C7DE34162108A174005DC598 /* ResultParser.swift in Sources */,
				C75D9010210200A5001271AC /* ConsentTask.swift in Sources */,
				C75D8FFC2101F630001271AC /* ConsentViewController.swift in Sources */,
				C7303B3B21021C0E00B82ACE /* HealthDataAuthStepViewController.swift in Sources */,
				C7DE340F21089B0F005DC598 /* TasksViewController.swift in Sources */,
				C7DE3407210883DE005DC598 /* HeartRateTask.swift in Sources */,
				C75D900E2102009C001271AC /* ConsentDocument.swift in Sources */,
				C71E0B37210B23F000840F89 /* ResultsViewController.swift in Sources */,
				C71E0B39210B53DF00840F89 /* HeartRateDataSource.swift in Sources */,
			);
			runOnlyForDeploymentPostprocessing = 0;
		};
		C75D8FD32101D1FB001271AC /* Sources */ = {
			isa = PBXSourcesBuildPhase;
			buildActionMask = 2147483647;
			files = (
				C75D8FDC2101D1FB001271AC /* ResearchKitConsentTests.swift in Sources */,
			);
			runOnlyForDeploymentPostprocessing = 0;
		};
		C75D8FDE2101D1FB001271AC /* Sources */ = {
			isa = PBXSourcesBuildPhase;
			buildActionMask = 2147483647;
			files = (
				C75D8FE72101D1FB001271AC /* ResearchKitConsentUITests.swift in Sources */,
			);
			runOnlyForDeploymentPostprocessing = 0;
		};
		C7DE34212108A74A005DC598 /* Sources */ = {
			isa = PBXSourcesBuildPhase;
			buildActionMask = 2147483647;
			files = (
				C7DE342F2108A74A005DC598 /* NotificationController.swift in Sources */,
				C7DE342D2108A74A005DC598 /* ExtensionDelegate.swift in Sources */,
				C7DE342B2108A74A005DC598 /* InterfaceController.swift in Sources */,
			);
			runOnlyForDeploymentPostprocessing = 0;
		};
/* End PBXSourcesBuildPhase section */

/* Begin PBXTargetDependency section */
		C71E0B35210B1B7900840F89 /* PBXTargetDependency */ = {
			isa = PBXTargetDependency;
			name = ResearchKit;
			targetProxy = C71E0B34210B1B7900840F89 /* PBXContainerItemProxy */;
		};
		C75D8FD92101D1FB001271AC /* PBXTargetDependency */ = {
			isa = PBXTargetDependency;
			target = C75D8FC22101D1FB001271AC /* ObtainingResults */;
			targetProxy = C75D8FD82101D1FB001271AC /* PBXContainerItemProxy */;
		};
		C75D8FE42101D1FB001271AC /* PBXTargetDependency */ = {
			isa = PBXTargetDependency;
			target = C75D8FC22101D1FB001271AC /* ObtainingResults */;
			targetProxy = C75D8FE32101D1FB001271AC /* PBXContainerItemProxy */;
		};
		C7DE34282108A74A005DC598 /* PBXTargetDependency */ = {
			isa = PBXTargetDependency;
			target = C7DE34242108A74A005DC598 /* WatchHeartRate Extension */;
			targetProxy = C7DE34272108A74A005DC598 /* PBXContainerItemProxy */;
		};
		C7DE34352108A74A005DC598 /* PBXTargetDependency */ = {
			isa = PBXTargetDependency;
			target = C7DE34182108A74A005DC598 /* WatchHeartRate */;
			targetProxy = C7DE34342108A74A005DC598 /* PBXContainerItemProxy */;
		};
/* End PBXTargetDependency section */

/* Begin PBXVariantGroup section */
		C75D8FCA2101D1FB001271AC /* Main.storyboard */ = {
			isa = PBXVariantGroup;
			children = (
				C75D8FCB2101D1FB001271AC /* Base */,
			);
			name = Main.storyboard;
			sourceTree = "<group>";
		};
		C75D8FCF2101D1FB001271AC /* LaunchScreen.storyboard */ = {
			isa = PBXVariantGroup;
			children = (
				C75D8FD02101D1FB001271AC /* Base */,
			);
			name = LaunchScreen.storyboard;
			sourceTree = "<group>";
		};
		C7DE341B2108A74A005DC598 /* Interface.storyboard */ = {
			isa = PBXVariantGroup;
			children = (
				C7DE341C2108A74A005DC598 /* Base */,
			);
			name = Interface.storyboard;
			sourceTree = "<group>";
		};
/* End PBXVariantGroup section */

/* Begin XCBuildConfiguration section */
		C75D8FE92101D1FB001271AC /* Debug */ = {
			isa = XCBuildConfiguration;
			buildSettings = {
				ALWAYS_SEARCH_USER_PATHS = NO;
				CLANG_ANALYZER_NONNULL = YES;
				CLANG_ANALYZER_NUMBER_OBJECT_CONVERSION = YES_AGGRESSIVE;
				CLANG_CXX_LANGUAGE_STANDARD = "gnu++14";
				CLANG_CXX_LIBRARY = "libc++";
				CLANG_ENABLE_MODULES = YES;
				CLANG_ENABLE_OBJC_ARC = YES;
				CLANG_WARN_BLOCK_CAPTURE_AUTORELEASING = YES;
				CLANG_WARN_BOOL_CONVERSION = YES;
				CLANG_WARN_COMMA = YES;
				CLANG_WARN_CONSTANT_CONVERSION = YES;
				CLANG_WARN_DIRECT_OBJC_ISA_USAGE = YES_ERROR;
				CLANG_WARN_DOCUMENTATION_COMMENTS = YES;
				CLANG_WARN_EMPTY_BODY = YES;
				CLANG_WARN_ENUM_CONVERSION = YES;
				CLANG_WARN_INFINITE_RECURSION = YES;
				CLANG_WARN_INT_CONVERSION = YES;
				CLANG_WARN_NON_LITERAL_NULL_CONVERSION = YES;
				CLANG_WARN_OBJC_LITERAL_CONVERSION = YES;
				CLANG_WARN_OBJC_ROOT_CLASS = YES_ERROR;
				CLANG_WARN_RANGE_LOOP_ANALYSIS = YES;
				CLANG_WARN_STRICT_PROTOTYPES = YES;
				CLANG_WARN_SUSPICIOUS_MOVE = YES;
				CLANG_WARN_UNGUARDED_AVAILABILITY = YES_AGGRESSIVE;
				CLANG_WARN_UNREACHABLE_CODE = YES;
				CLANG_WARN__DUPLICATE_METHOD_MATCH = YES;
				CODE_SIGN_IDENTITY = "iPhone Developer";
				COPY_PHASE_STRIP = NO;
				DEBUG_INFORMATION_FORMAT = dwarf;
				ENABLE_STRICT_OBJC_MSGSEND = YES;
				ENABLE_TESTABILITY = YES;
				GCC_C_LANGUAGE_STANDARD = gnu11;
				GCC_DYNAMIC_NO_PIC = NO;
				GCC_NO_COMMON_BLOCKS = YES;
				GCC_OPTIMIZATION_LEVEL = 0;
				GCC_PREPROCESSOR_DEFINITIONS = (
					"DEBUG=1",
					"$(inherited)",
				);
				GCC_WARN_64_TO_32_BIT_CONVERSION = YES;
				GCC_WARN_ABOUT_RETURN_TYPE = YES_ERROR;
				GCC_WARN_UNDECLARED_SELECTOR = YES;
				GCC_WARN_UNINITIALIZED_AUTOS = YES_AGGRESSIVE;
				GCC_WARN_UNUSED_FUNCTION = YES;
				GCC_WARN_UNUSED_VARIABLE = YES;
				IPHONEOS_DEPLOYMENT_TARGET = 11.2;
				MTL_ENABLE_DEBUG_INFO = YES;
				ONLY_ACTIVE_ARCH = YES;
				SDKROOT = iphoneos;
				SWIFT_ACTIVE_COMPILATION_CONDITIONS = DEBUG;
				SWIFT_OPTIMIZATION_LEVEL = "-Onone";
			};
			name = Debug;
		};
		C75D8FEA2101D1FB001271AC /* Release */ = {
			isa = XCBuildConfiguration;
			buildSettings = {
				ALWAYS_SEARCH_USER_PATHS = NO;
				CLANG_ANALYZER_NONNULL = YES;
				CLANG_ANALYZER_NUMBER_OBJECT_CONVERSION = YES_AGGRESSIVE;
				CLANG_CXX_LANGUAGE_STANDARD = "gnu++14";
				CLANG_CXX_LIBRARY = "libc++";
				CLANG_ENABLE_MODULES = YES;
				CLANG_ENABLE_OBJC_ARC = YES;
				CLANG_WARN_BLOCK_CAPTURE_AUTORELEASING = YES;
				CLANG_WARN_BOOL_CONVERSION = YES;
				CLANG_WARN_COMMA = YES;
				CLANG_WARN_CONSTANT_CONVERSION = YES;
				CLANG_WARN_DIRECT_OBJC_ISA_USAGE = YES_ERROR;
				CLANG_WARN_DOCUMENTATION_COMMENTS = YES;
				CLANG_WARN_EMPTY_BODY = YES;
				CLANG_WARN_ENUM_CONVERSION = YES;
				CLANG_WARN_INFINITE_RECURSION = YES;
				CLANG_WARN_INT_CONVERSION = YES;
				CLANG_WARN_NON_LITERAL_NULL_CONVERSION = YES;
				CLANG_WARN_OBJC_LITERAL_CONVERSION = YES;
				CLANG_WARN_OBJC_ROOT_CLASS = YES_ERROR;
				CLANG_WARN_RANGE_LOOP_ANALYSIS = YES;
				CLANG_WARN_STRICT_PROTOTYPES = YES;
				CLANG_WARN_SUSPICIOUS_MOVE = YES;
				CLANG_WARN_UNGUARDED_AVAILABILITY = YES_AGGRESSIVE;
				CLANG_WARN_UNREACHABLE_CODE = YES;
				CLANG_WARN__DUPLICATE_METHOD_MATCH = YES;
				CODE_SIGN_IDENTITY = "iPhone Developer";
				COPY_PHASE_STRIP = NO;
				DEBUG_INFORMATION_FORMAT = "dwarf-with-dsym";
				ENABLE_NS_ASSERTIONS = NO;
				ENABLE_STRICT_OBJC_MSGSEND = YES;
				GCC_C_LANGUAGE_STANDARD = gnu11;
				GCC_NO_COMMON_BLOCKS = YES;
				GCC_WARN_64_TO_32_BIT_CONVERSION = YES;
				GCC_WARN_ABOUT_RETURN_TYPE = YES_ERROR;
				GCC_WARN_UNDECLARED_SELECTOR = YES;
				GCC_WARN_UNINITIALIZED_AUTOS = YES_AGGRESSIVE;
				GCC_WARN_UNUSED_FUNCTION = YES;
				GCC_WARN_UNUSED_VARIABLE = YES;
				IPHONEOS_DEPLOYMENT_TARGET = 11.2;
				MTL_ENABLE_DEBUG_INFO = NO;
				SDKROOT = iphoneos;
				SWIFT_OPTIMIZATION_LEVEL = "-Owholemodule";
				VALIDATE_PRODUCT = YES;
			};
			name = Release;
		};
		C75D8FEC2101D1FB001271AC /* Debug */ = {
			isa = XCBuildConfiguration;
			buildSettings = {
				ALWAYS_EMBED_SWIFT_STANDARD_LIBRARIES = YES;
				ASSETCATALOG_COMPILER_APPICON_NAME = AppIcon;
				CODE_SIGN_ENTITLEMENTS = ObtainingResults/ObtainingResults.entitlements;
				CODE_SIGN_STYLE = Automatic;
				DEVELOPMENT_TEAM = Q53EDNFKEK;
				INFOPLIST_FILE = ObtainingResults/Info.plist;
				IPHONEOS_DEPLOYMENT_TARGET = 11;
				LD_RUNPATH_SEARCH_PATHS = "$(inherited) @executable_path/Frameworks";
				PRODUCT_BUNDLE_IDENTIFIER = finegold.ObtainingResults;
				PRODUCT_NAME = "$(TARGET_NAME)";
				SWIFT_VERSION = 4.0;
				TARGETED_DEVICE_FAMILY = "1,2";
			};
			name = Debug;
		};
		C75D8FED2101D1FB001271AC /* Release */ = {
			isa = XCBuildConfiguration;
			buildSettings = {
				ALWAYS_EMBED_SWIFT_STANDARD_LIBRARIES = YES;
				ASSETCATALOG_COMPILER_APPICON_NAME = AppIcon;
				CODE_SIGN_ENTITLEMENTS = ObtainingResults/ObtainingResults.entitlements;
				CODE_SIGN_STYLE = Automatic;
				DEVELOPMENT_TEAM = Q53EDNFKEK;
				INFOPLIST_FILE = ObtainingResults/Info.plist;
				IPHONEOS_DEPLOYMENT_TARGET = 11;
				LD_RUNPATH_SEARCH_PATHS = "$(inherited) @executable_path/Frameworks";
				PRODUCT_BUNDLE_IDENTIFIER = finegold.ObtainingResults;
				PRODUCT_NAME = "$(TARGET_NAME)";
				SWIFT_VERSION = 4.0;
				TARGETED_DEVICE_FAMILY = "1,2";
			};
			name = Release;
		};
		C75D8FEF2101D1FB001271AC /* Debug */ = {
			isa = XCBuildConfiguration;
			buildSettings = {
				ALWAYS_EMBED_SWIFT_STANDARD_LIBRARIES = YES;
				BUNDLE_LOADER = "$(TEST_HOST)";
				CODE_SIGN_STYLE = Automatic;
				DEVELOPMENT_TEAM = JM5BU57S6W;
				INFOPLIST_FILE = ResearchKitConsentTests/Info.plist;
				LD_RUNPATH_SEARCH_PATHS = "$(inherited) @executable_path/Frameworks @loader_path/Frameworks";
				PRODUCT_BUNDLE_IDENTIFIER = sye8.ResearchKitConsentTests;
				PRODUCT_NAME = "$(TARGET_NAME)";
				SWIFT_VERSION = 4.0;
				TARGETED_DEVICE_FAMILY = "1,2";
				TEST_HOST = "$(BUILT_PRODUCTS_DIR)/ObtainingResults.app/ObtainingResults";
			};
			name = Debug;
		};
		C75D8FF02101D1FB001271AC /* Release */ = {
			isa = XCBuildConfiguration;
			buildSettings = {
				ALWAYS_EMBED_SWIFT_STANDARD_LIBRARIES = YES;
				BUNDLE_LOADER = "$(TEST_HOST)";
				CODE_SIGN_STYLE = Automatic;
				DEVELOPMENT_TEAM = JM5BU57S6W;
				INFOPLIST_FILE = ResearchKitConsentTests/Info.plist;
				LD_RUNPATH_SEARCH_PATHS = "$(inherited) @executable_path/Frameworks @loader_path/Frameworks";
				PRODUCT_BUNDLE_IDENTIFIER = sye8.ResearchKitConsentTests;
				PRODUCT_NAME = "$(TARGET_NAME)";
				SWIFT_VERSION = 4.0;
				TARGETED_DEVICE_FAMILY = "1,2";
				TEST_HOST = "$(BUILT_PRODUCTS_DIR)/ObtainingResults.app/ObtainingResults";
			};
			name = Release;
		};
		C75D8FF22101D1FB001271AC /* Debug */ = {
			isa = XCBuildConfiguration;
			buildSettings = {
				ALWAYS_EMBED_SWIFT_STANDARD_LIBRARIES = YES;
				CODE_SIGN_STYLE = Automatic;
				DEVELOPMENT_TEAM = JM5BU57S6W;
				INFOPLIST_FILE = ResearchKitConsentUITests/Info.plist;
				LD_RUNPATH_SEARCH_PATHS = "$(inherited) @executable_path/Frameworks @loader_path/Frameworks";
				PRODUCT_BUNDLE_IDENTIFIER = sye8.ResearchKitConsentUITests;
				PRODUCT_NAME = "$(TARGET_NAME)";
				SWIFT_VERSION = 4.0;
				TARGETED_DEVICE_FAMILY = "1,2";
				TEST_TARGET_NAME = ResearchKitConsent;
			};
			name = Debug;
		};
		C75D8FF32101D1FB001271AC /* Release */ = {
			isa = XCBuildConfiguration;
			buildSettings = {
				ALWAYS_EMBED_SWIFT_STANDARD_LIBRARIES = YES;
				CODE_SIGN_STYLE = Automatic;
				DEVELOPMENT_TEAM = JM5BU57S6W;
				INFOPLIST_FILE = ResearchKitConsentUITests/Info.plist;
				LD_RUNPATH_SEARCH_PATHS = "$(inherited) @executable_path/Frameworks @loader_path/Frameworks";
				PRODUCT_BUNDLE_IDENTIFIER = sye8.ResearchKitConsentUITests;
				PRODUCT_NAME = "$(TARGET_NAME)";
				SWIFT_VERSION = 4.0;
				TARGETED_DEVICE_FAMILY = "1,2";
				TEST_TARGET_NAME = ResearchKitConsent;
			};
			name = Release;
		};
		C7DE34382108A74A005DC598 /* Debug */ = {
			isa = XCBuildConfiguration;
			buildSettings = {
				ASSETCATALOG_COMPILER_COMPLICATION_NAME = Complication;
				CODE_SIGN_ENTITLEMENTS = "WatchHeartRate Extension/WatchHeartRate Extension.entitlements";
				CODE_SIGN_STYLE = Automatic;
				DEVELOPMENT_TEAM = Q53EDNFKEK;
				INFOPLIST_FILE = "WatchHeartRate Extension/Info.plist";
				LD_RUNPATH_SEARCH_PATHS = "$(inherited) @executable_path/Frameworks @executable_path/../../Frameworks";
				PRODUCT_BUNDLE_IDENTIFIER = finegold.ObtainingResults.watchkitapp.watchkitextension;
				PRODUCT_NAME = "${TARGET_NAME}";
				SDKROOT = watchos;
				SKIP_INSTALL = YES;
				SWIFT_VERSION = 4.0;
				TARGETED_DEVICE_FAMILY = 4;
				WATCHOS_DEPLOYMENT_TARGET = 3.0;
			};
			name = Debug;
		};
		C7DE34392108A74A005DC598 /* Release */ = {
			isa = XCBuildConfiguration;
			buildSettings = {
				ASSETCATALOG_COMPILER_COMPLICATION_NAME = Complication;
				CODE_SIGN_ENTITLEMENTS = "WatchHeartRate Extension/WatchHeartRate Extension.entitlements";
				CODE_SIGN_STYLE = Automatic;
				DEVELOPMENT_TEAM = Q53EDNFKEK;
				INFOPLIST_FILE = "WatchHeartRate Extension/Info.plist";
				LD_RUNPATH_SEARCH_PATHS = "$(inherited) @executable_path/Frameworks @executable_path/../../Frameworks";
				PRODUCT_BUNDLE_IDENTIFIER = finegold.ObtainingResults.watchkitapp.watchkitextension;
				PRODUCT_NAME = "${TARGET_NAME}";
				SDKROOT = watchos;
				SKIP_INSTALL = YES;
				SWIFT_VERSION = 4.0;
				TARGETED_DEVICE_FAMILY = 4;
				WATCHOS_DEPLOYMENT_TARGET = 3.0;
			};
			name = Release;
		};
		C7DE343C2108A74A005DC598 /* Debug */ = {
			isa = XCBuildConfiguration;
			buildSettings = {
				ALWAYS_EMBED_SWIFT_STANDARD_LIBRARIES = YES;
				ASSETCATALOG_COMPILER_APPICON_NAME = AppIcon;
				CODE_SIGN_STYLE = Automatic;
				DEVELOPMENT_TEAM = Q53EDNFKEK;
				IBSC_MODULE = WatchHeartRate_Extension;
				INFOPLIST_FILE = WatchHeartRate/Info.plist;
				PRODUCT_BUNDLE_IDENTIFIER = finegold.ObtainingResults.watchkitapp;
				PRODUCT_NAME = "$(TARGET_NAME)";
				SDKROOT = watchos;
				SKIP_INSTALL = YES;
				SWIFT_VERSION = 4.0;
				TARGETED_DEVICE_FAMILY = 4;
				WATCHOS_DEPLOYMENT_TARGET = 3.0;
			};
			name = Debug;
		};
		C7DE343D2108A74A005DC598 /* Release */ = {
			isa = XCBuildConfiguration;
			buildSettings = {
				ALWAYS_EMBED_SWIFT_STANDARD_LIBRARIES = YES;
				ASSETCATALOG_COMPILER_APPICON_NAME = AppIcon;
				CODE_SIGN_STYLE = Automatic;
				DEVELOPMENT_TEAM = Q53EDNFKEK;
				IBSC_MODULE = WatchHeartRate_Extension;
				INFOPLIST_FILE = WatchHeartRate/Info.plist;
				PRODUCT_BUNDLE_IDENTIFIER = finegold.ObtainingResults.watchkitapp;
				PRODUCT_NAME = "$(TARGET_NAME)";
				SDKROOT = watchos;
				SKIP_INSTALL = YES;
				SWIFT_VERSION = 4.0;
				TARGETED_DEVICE_FAMILY = 4;
				WATCHOS_DEPLOYMENT_TARGET = 3.0;
			};
			name = Release;
		};
/* End XCBuildConfiguration section */

/* Begin XCConfigurationList section */
		C75D8FBE2101D1FB001271AC /* Build configuration list for PBXProject "ObtainingResults" */ = {
			isa = XCConfigurationList;
			buildConfigurations = (
				C75D8FE92101D1FB001271AC /* Debug */,
				C75D8FEA2101D1FB001271AC /* Release */,
			);
			defaultConfigurationIsVisible = 0;
			defaultConfigurationName = Release;
		};
		C75D8FEB2101D1FB001271AC /* Build configuration list for PBXNativeTarget "ObtainingResults" */ = {
			isa = XCConfigurationList;
			buildConfigurations = (
				C75D8FEC2101D1FB001271AC /* Debug */,
				C75D8FED2101D1FB001271AC /* Release */,
			);
			defaultConfigurationIsVisible = 0;
			defaultConfigurationName = Release;
		};
		C75D8FEE2101D1FB001271AC /* Build configuration list for PBXNativeTarget "ObtainingResultsTests" */ = {
			isa = XCConfigurationList;
			buildConfigurations = (
				C75D8FEF2101D1FB001271AC /* Debug */,
				C75D8FF02101D1FB001271AC /* Release */,
			);
			defaultConfigurationIsVisible = 0;
			defaultConfigurationName = Release;
		};
		C75D8FF12101D1FB001271AC /* Build configuration list for PBXNativeTarget "ObtainingResultsUITests" */ = {
			isa = XCConfigurationList;
			buildConfigurations = (
				C75D8FF22101D1FB001271AC /* Debug */,
				C75D8FF32101D1FB001271AC /* Release */,
			);
			defaultConfigurationIsVisible = 0;
			defaultConfigurationName = Release;
		};
		C7DE34372108A74A005DC598 /* Build configuration list for PBXNativeTarget "WatchHeartRate Extension" */ = {
			isa = XCConfigurationList;
			buildConfigurations = (
				C7DE34382108A74A005DC598 /* Debug */,
				C7DE34392108A74A005DC598 /* Release */,
			);
			defaultConfigurationIsVisible = 0;
			defaultConfigurationName = Release;
		};
		C7DE343B2108A74A005DC598 /* Build configuration list for PBXNativeTarget "WatchHeartRate" */ = {
			isa = XCConfigurationList;
			buildConfigurations = (
				C7DE343C2108A74A005DC598 /* Debug */,
				C7DE343D2108A74A005DC598 /* Release */,
			);
			defaultConfigurationIsVisible = 0;
			defaultConfigurationName = Release;
		};
/* End XCConfigurationList section */
	};
	rootObject = C75D8FBB2101D1FB001271AC /* Project object */;
}
